
Microsoft Visual Studio Solution File, Format Version 12.00
# Visual Studio Version 17
VisualStudioVersion = 17.11.35222.181
MinimumVisualStudioVersion = 10.0.40219.1
Project("{FAE04EC0-301F-11D3-BF4B-00C04F79EFBC}") = "Karacsonyijatek", "Karacsonyijatek\Karacsonyijatek.csproj", "{9A7A482C-45CF-46EA-8CD2-55D8248DC934}"
EndProject
Global
	GlobalSection(SolutionConfigurationPlatforms) = preSolution
		Debug|Any CPU = Debug|Any CPU
		Release|Any CPU = Release|Any CPU
	EndGlobalSection
	GlobalSection(ProjectConfigurationPlatforms) = postSolution
		{9A7A482C-45CF-46EA-8CD2-55D8248DC934}.Debug|Any CPU.ActiveCfg = Debug|Any CPU
		{9A7A482C-45CF-46EA-8CD2-55D8248DC934}.Debug|Any CPU.Build.0 = Debug|Any CPU
		{9A7A482C-45CF-46EA-8CD2-55D8248DC934}.Release|Any CPU.ActiveCfg = Release|Any CPU
		{9A7A482C-45CF-46EA-8CD2-55D8248DC934}.Release|Any CPU.Build.0 = Release|Any CPU
	EndGlobalSection
	GlobalSection(SolutionProperties) = preSolution
		HideSolutionNode = FALSE
	EndGlobalSection
	GlobalSection(ExtensibilityGlobals) = postSolution
		SolutionGuid = {4004B49A-083D-4F15-881C-2C07251C9B4D}
	EndGlobalSection
EndGlobal
